
Microsoft Visual Studio Solution File, Format Version 12.00
# Visual Studio 2013
VisualStudioVersion = 12.0.40629.0
MinimumVisualStudioVersion = 10.0.40219.1
Project("{FAE04EC0-301F-11D3-BF4B-00C04F79EFBC}") = "WinForm", "WinForm\WinForm.csproj", "{4B695696-F40E-48C8-923F-CCFB7D917689}"
EndProject
Project("{F184B08F-C81C-45F6-A57F-5ABD9991F28F}") = "WinFormVB", "WinFormVB\WinFormVB.vbproj", "{AA03EB9A-206F-4382-BAD0-A96B0C859547}"
EndProject
Project("{FAE04EC0-301F-11D3-BF4B-00C04F79EFBC}") = "OfficeAPI", "OfficeAPI\OfficeAPI.csproj", "{99799FA3-752F-4992-87EF-EB69A46980E6}"
EndProject
Project("{FAE04EC0-301F-11D3-BF4B-00C04F79EFBC}") = "DataTest", "DataTest\DataTest.csproj", "{5F2B2ED1-4E90-4BE5-9DCE-D51966CE3C18}"
EndProject
Project("{FAE04EC0-301F-11D3-BF4B-00C04F79EFBC}") = "MailApp", "MailApp\MailApp.csproj", "{CF2979BA-7A13-423D-8191-E1B5EABA73E4}"
EndProject
Project("{FAE04EC0-301F-11D3-BF4B-00C04F79EFBC}") = "MailAppWeb", "MailAppWeb\MailAppWeb.csproj", "{DF88F233-0474-4288-9FEF-728DF5464C08}"
EndProject
Project("{F184B08F-C81C-45F6-A57F-5ABD9991F28F}") = "OfficeAPIVB", "OfficeAPIVB\OfficeAPIVB.vbproj", "{E250B97E-8EBB-4F16-8F3B-967661672A98}"
EndProject
Project("{FAE04EC0-301F-11D3-BF4B-00C04F79EFBC}") = "TaskPane", "TaskPane\TaskPane.csproj", "{B83C1F92-968D-49F5-9C8B-EE4D1E4BDD9A}"
EndProject
Project("{FAE04EC0-301F-11D3-BF4B-00C04F79EFBC}") = "TaskPaneWeb", "TaskPaneWeb\TaskPaneWeb.csproj", "{08FFA909-4E14-48A9-B8FA-CD077780BCEB}"
EndProject
Project("{FAE04EC0-301F-11D3-BF4B-00C04F79EFBC}") = "O365Mvc", "O365Mvc\O365Mvc.csproj", "{04D2AF5F-6080-455C-911D-EA8633396F47}"
EndProject
Project("{FAE04EC0-301F-11D3-BF4B-00C04F79EFBC}") = "Content Pane", "Content Pane\Content Pane.csproj", "{A37CBCF7-3F79-4AB5-B8A2-FE492BE4DF94}"
EndProject
Project("{FAE04EC0-301F-11D3-BF4B-00C04F79EFBC}") = "Content PaneWeb", "Content PaneWeb\Content PaneWeb.csproj", "{511F1188-E325-4AB8-9833-27B71F46F57A}"
EndProject
Project("{FAE04EC0-301F-11D3-BF4B-00C04F79EFBC}") = "CodedUITest", "CodedUITest\CodedUITest.csproj", "{33A4EE9E-90D7-4537-8FB6-155AFC4F6D72}"
EndProject
Project("{FAE04EC0-301F-11D3-BF4B-00C04F79EFBC}") = "PowerPointAddIn1", "PowerPointAddIn1\PowerPointAddIn1.csproj", "{FF928B7E-146A-46E3-88FC-4E0419EFAF03}"
EndProject
Project("{FAE04EC0-301F-11D3-BF4B-00C04F79EFBC}") = "WordAddIn", "WordAddIn\WordAddIn.csproj", "{0CFA9DCD-766F-4A0B-99DD-96AFC65B90AB}"
EndProject
Project("{F184B08F-C81C-45F6-A57F-5ABD9991F28F}") = "WordAddInVB", "WordAddInVB\WordAddInVB.vbproj", "{A441DCD1-CB1D-4C54-8090-53EE5F0D190C}"
EndProject
Project("{FAE04EC0-301F-11D3-BF4B-00C04F79EFBC}") = "ExcelAddIn", "ExcelAddIn\ExcelAddIn.csproj", "{3FF3F5C8-475F-4A25-9CD6-710FE75BCD61}"
EndProject
Project("{FAE04EC0-301F-11D3-BF4B-00C04F79EFBC}") = "ClassLibrary", "ClassLibrary\ClassLibrary.csproj", "{00172085-74F7-4442-88F8-E78EC70C2150}"
EndProject
Project("{FAE04EC0-301F-11D3-BF4B-00C04F79EFBC}") = "MVCWeb", "MVCWeb\MVCWeb.csproj", "{16CCED68-F6FE-4C37-8188-869944BB21C0}"
EndProject
Project("{F184B08F-C81C-45F6-A57F-5ABD9991F28F}") = "ExcelAddInVB", "ExcelAddInVB\ExcelAddInVB.vbproj", "{5D5C861B-529A-493C-9749-F812A4A1AAE3}"
EndProject
Project("{FAE04EC0-301F-11D3-BF4B-00C04F79EFBC}") = "PowerPointAddIn", "PowerPointAddIn\PowerPointAddIn.csproj", "{B86B9A17-3107-4B94-9707-D260D190AA11}"
EndProject
Project("{FAE04EC0-301F-11D3-BF4B-00C04F79EFBC}") = "EMailApp", "EMailApp\EMailApp.csproj", "{3A392CB8-0AB1-4464-BF6E-1FE9CF6BB822}"
EndProject
Project("{FAE04EC0-301F-11D3-BF4B-00C04F79EFBC}") = "EMailAppWeb", "EMailAppWeb\EMailAppWeb.csproj", "{3E91AF25-1AD2-4035-84FC-5A6BDBC66D54}"
EndProject
Project("{FAE04EC0-301F-11D3-BF4B-00C04F79EFBC}") = "ExcelDoc", "ExcelDoc\ExcelDoc.csproj", "{0CB671A9-8CBF-493C-86C0-CBCEA7FC7BCC}"
EndProject
Project("{FAE04EC0-301F-11D3-BF4B-00C04F79EFBC}") = "ComVisibleTest", "ComVisible\ComVisibleTest.csproj", "{059233B6-C73E-448A-A8E6-5330AE2A0AE0}"
EndProject
Project("{F184B08F-C81C-45F6-A57F-5ABD9991F28F}") = "PowerPointAddInVB", "PowerPointAddInVB\PowerPointAddInVB.vbproj", "{4DE24102-D9D8-4388-B7B7-46850EC96A57}"
EndProject
Project("{FAE04EC0-301F-11D3-BF4B-00C04F79EFBC}") = "OutlookAddIn", "OutlookAddIn\OutlookAddIn.csproj", "{2882D2F1-CFF2-4105-91B3-04502D7445B0}"
EndProject
Project("{FAE04EC0-301F-11D3-BF4B-00C04F79EFBC}") = "Office365OAuth", "Office365OAuth\Office365OAuth.csproj", "{F7B19149-9CB3-4B82-83BB-7A2088D1FB7E}"
EndProject
Project("{FAE04EC0-301F-11D3-BF4B-00C04F79EFBC}") = "UnitTestProject", "UnitTestProject\UnitTestProject.csproj", "{519F2682-77BB-4DF9-BC11-02EC21AFC7B8}"
EndProject
Project("{FAE04EC0-301F-11D3-BF4B-00C04F79EFBC}") = "WordAddTemplate", "WordAddTemplate\WordAddTemplate.csproj", "{92856E62-B535-447A-BFC0-F15A78EB7BDC}"
EndProject
Global
	GlobalSection(TeamFoundationVersionControl) = preSolution
		SccNumberOfProjects = 31
		SccEnterpriseProvider = {4CA58AB2-18FA-4F8D-95D4-32DDF27D184C}
		SccTeamFoundationServer = https://v-tazho.visualstudio.com/defaultcollection
		SccLocalPath0 = .
		SccProjectUniqueName1 = OfficeAPI\\OfficeAPI.csproj
		SccProjectName1 = OfficeAPI
		SccLocalPath1 = OfficeAPI
		SccProjectUniqueName2 = WinForm\\WinForm.csproj
		SccProjectName2 = WinForm
		SccLocalPath2 = WinForm
		SccProjectUniqueName3 = WinFormVB\\WinFormVB.vbproj
		SccProjectName3 = WinFormVB
		SccLocalPath3 = WinFormVB
		SccProjectUniqueName4 = DataTest\\DataTest.csproj
		SccProjectName4 = DataTest
		SccLocalPath4 = DataTest
		SccProjectUniqueName5 = MailApp\\MailApp.csproj
		SccProjectName5 = MailApp
		SccLocalPath5 = MailApp
		SccProjectUniqueName6 = MailAppWeb\\MailAppWeb.csproj
		SccProjectName6 = MailAppWeb
		SccLocalPath6 = MailAppWeb
		SccProjectUniqueName7 = OfficeAPIVB\\OfficeAPIVB.vbproj
		SccProjectName7 = OfficeAPIVB
		SccLocalPath7 = OfficeAPIVB
		SccProjectUniqueName8 = TaskPane\\TaskPane.csproj
		SccProjectName8 = TaskPane
		SccLocalPath8 = TaskPane
		SccProjectUniqueName9 = TaskPaneWeb\\TaskPaneWeb.csproj
		SccProjectName9 = TaskPaneWeb
		SccLocalPath9 = TaskPaneWeb
		SccProjectUniqueName10 = O365Mvc\\O365Mvc.csproj
		SccProjectName10 = O365Mvc
		SccLocalPath10 = O365Mvc
		SccProjectUniqueName11 = Content\u0020Pane\\Content\u0020Pane.csproj
		SccProjectName11 = Content\u0020Pane
		SccLocalPath11 = Content\u0020Pane
		SccProjectUniqueName12 = Content\u0020PaneWeb\\Content\u0020PaneWeb.csproj
		SccProjectName12 = Content\u0020PaneWeb
		SccLocalPath12 = Content\u0020PaneWeb
		SccProjectUniqueName13 = CodedUITest\\CodedUITest.csproj
		SccProjectName13 = CodedUITest
		SccLocalPath13 = CodedUITest
		SccProjectUniqueName14 = PowerPointAddIn1\\PowerPointAddIn1.csproj
		SccProjectName14 = PowerPointAddIn1
		SccLocalPath14 = PowerPointAddIn1
		SccProjectUniqueName15 = WordAddIn\\WordAddIn.csproj
		SccProjectName15 = WordAddIn
		SccLocalPath15 = WordAddIn
		SccProjectUniqueName16 = WordAddInVB\\WordAddInVB.vbproj
		SccProjectName16 = WordAddInVB
		SccLocalPath16 = WordAddInVB
		SccProjectUniqueName17 = ExcelAddIn\\ExcelAddIn.csproj
		SccProjectName17 = ExcelAddIn
		SccLocalPath17 = ExcelAddIn
		SccProjectUniqueName18 = ClassLibrary\\ClassLibrary.csproj
		SccProjectName18 = ClassLibrary
		SccLocalPath18 = ClassLibrary
		SccProjectUniqueName19 = MVCWeb\\MVCWeb.csproj
		SccProjectName19 = MVCWeb
		SccLocalPath19 = MVCWeb
		SccProjectUniqueName20 = ExcelAddInVB\\ExcelAddInVB.vbproj
		SccProjectName20 = ExcelAddInVB
		SccLocalPath20 = ExcelAddInVB
		SccProjectUniqueName21 = PowerPointAddIn\\PowerPointAddIn.csproj
		SccProjectName21 = PowerPointAddIn
		SccLocalPath21 = PowerPointAddIn
		SccProjectUniqueName22 = EMailApp\\EMailApp.csproj
		SccProjectName22 = EMailApp
		SccLocalPath22 = EMailApp
		SccProjectUniqueName23 = EMailAppWeb\\EMailAppWeb.csproj
		SccProjectName23 = EMailAppWeb
		SccLocalPath23 = EMailAppWeb
		SccProjectUniqueName24 = ExcelDoc\\ExcelDoc.csproj
		SccProjectName24 = ExcelDoc
		SccLocalPath24 = ExcelDoc
		SccProjectUniqueName25 = ComVisible\\ComVisibleTest.csproj
		SccProjectName25 = ComVisible
		SccLocalPath25 = ComVisible
		SccProjectUniqueName26 = PowerPointAddInVB\\PowerPointAddInVB.vbproj
		SccProjectName26 = PowerPointAddInVB
		SccLocalPath26 = PowerPointAddInVB
		SccProjectUniqueName27 = OutlookAddIn\\OutlookAddIn.csproj
		SccProjectName27 = OutlookAddIn
		SccLocalPath27 = OutlookAddIn
		SccProjectUniqueName28 = Office365OAuth\\Office365OAuth.csproj
		SccProjectName28 = Office365OAuth
		SccLocalPath28 = Office365OAuth
		SccProjectUniqueName29 = UnitTestProject\\UnitTestProject.csproj
		SccProjectName29 = UnitTestProject
		SccLocalPath29 = UnitTestProject
		SccProjectUniqueName30 = WordAddTemplate\\WordAddTemplate.csproj
		SccProjectName30 = WordAddTemplate
		SccLocalPath30 = WordAddTemplate
	EndGlobalSection
	GlobalSection(SolutionConfigurationPlatforms) = preSolution
		Debug|Any CPU = Debug|Any CPU
		Debug|ARM = Debug|ARM
		Debug|x64 = Debug|x64
		Debug|x86 = Debug|x86
		Release|Any CPU = Release|Any CPU
		Release|ARM = Release|ARM
		Release|x64 = Release|x64
		Release|x86 = Release|x86
	EndGlobalSection
	GlobalSection(ProjectConfigurationPlatforms) = postSolution
		{4B695696-F40E-48C8-923F-CCFB7D917689}.Debug|Any CPU.ActiveCfg = Debug|Any CPU
		{4B695696-F40E-48C8-923F-CCFB7D917689}.Debug|Any CPU.Build.0 = Debug|Any CPU
		{4B695696-F40E-48C8-923F-CCFB7D917689}.Debug|ARM.ActiveCfg = Debug|Any CPU
		{4B695696-F40E-48C8-923F-CCFB7D917689}.Debug|x64.ActiveCfg = Debug|Any CPU
		{4B695696-F40E-48C8-923F-CCFB7D917689}.Debug|x86.ActiveCfg = Debug|Any CPU
		{4B695696-F40E-48C8-923F-CCFB7D917689}.Release|Any CPU.ActiveCfg = Release|Any CPU
		{4B695696-F40E-48C8-923F-CCFB7D917689}.Release|Any CPU.Build.0 = Release|Any CPU
		{4B695696-F40E-48C8-923F-CCFB7D917689}.Release|ARM.ActiveCfg = Release|Any CPU
		{4B695696-F40E-48C8-923F-CCFB7D917689}.Release|x64.ActiveCfg = Release|Any CPU
		{4B695696-F40E-48C8-923F-CCFB7D917689}.Release|x86.ActiveCfg = Release|Any CPU
		{AA03EB9A-206F-4382-BAD0-A96B0C859547}.Debug|Any CPU.ActiveCfg = Debug|Any CPU
		{AA03EB9A-206F-4382-BAD0-A96B0C859547}.Debug|Any CPU.Build.0 = Debug|Any CPU
		{AA03EB9A-206F-4382-BAD0-A96B0C859547}.Debug|ARM.ActiveCfg = Debug|Any CPU
		{AA03EB9A-206F-4382-BAD0-A96B0C859547}.Debug|x64.ActiveCfg = Debug|Any CPU
		{AA03EB9A-206F-4382-BAD0-A96B0C859547}.Debug|x86.ActiveCfg = Debug|Any CPU
		{AA03EB9A-206F-4382-BAD0-A96B0C859547}.Release|Any CPU.ActiveCfg = Release|Any CPU
		{AA03EB9A-206F-4382-BAD0-A96B0C859547}.Release|Any CPU.Build.0 = Release|Any CPU
		{AA03EB9A-206F-4382-BAD0-A96B0C859547}.Release|ARM.ActiveCfg = Release|Any CPU
		{AA03EB9A-206F-4382-BAD0-A96B0C859547}.Release|x64.ActiveCfg = Release|Any CPU
		{AA03EB9A-206F-4382-BAD0-A96B0C859547}.Release|x86.ActiveCfg = Release|Any CPU
		{99799FA3-752F-4992-87EF-EB69A46980E6}.Debug|Any CPU.ActiveCfg = Debug|Any CPU
		{99799FA3-752F-4992-87EF-EB69A46980E6}.Debug|Any CPU.Build.0 = Debug|Any CPU
		{99799FA3-752F-4992-87EF-EB69A46980E6}.Debug|ARM.ActiveCfg = Debug|Any CPU
		{99799FA3-752F-4992-87EF-EB69A46980E6}.Debug|x64.ActiveCfg = Debug|Any CPU
		{99799FA3-752F-4992-87EF-EB69A46980E6}.Debug|x86.ActiveCfg = Debug|Any CPU
		{99799FA3-752F-4992-87EF-EB69A46980E6}.Release|Any CPU.ActiveCfg = Release|Any CPU
		{99799FA3-752F-4992-87EF-EB69A46980E6}.Release|Any CPU.Build.0 = Release|Any CPU
		{99799FA3-752F-4992-87EF-EB69A46980E6}.Release|ARM.ActiveCfg = Release|Any CPU
		{99799FA3-752F-4992-87EF-EB69A46980E6}.Release|x64.ActiveCfg = Release|Any CPU
		{99799FA3-752F-4992-87EF-EB69A46980E6}.Release|x86.ActiveCfg = Release|Any CPU
		{5F2B2ED1-4E90-4BE5-9DCE-D51966CE3C18}.Debug|Any CPU.ActiveCfg = Debug|Any CPU
		{5F2B2ED1-4E90-4BE5-9DCE-D51966CE3C18}.Debug|Any CPU.Build.0 = Debug|Any CPU
		{5F2B2ED1-4E90-4BE5-9DCE-D51966CE3C18}.Debug|ARM.ActiveCfg = Debug|Any CPU
		{5F2B2ED1-4E90-4BE5-9DCE-D51966CE3C18}.Debug|x64.ActiveCfg = Debug|Any CPU
		{5F2B2ED1-4E90-4BE5-9DCE-D51966CE3C18}.Debug|x86.ActiveCfg = Debug|Any CPU
		{5F2B2ED1-4E90-4BE5-9DCE-D51966CE3C18}.Release|Any CPU.ActiveCfg = Release|Any CPU
		{5F2B2ED1-4E90-4BE5-9DCE-D51966CE3C18}.Release|Any CPU.Build.0 = Release|Any CPU
		{5F2B2ED1-4E90-4BE5-9DCE-D51966CE3C18}.Release|ARM.ActiveCfg = Release|Any CPU
		{5F2B2ED1-4E90-4BE5-9DCE-D51966CE3C18}.Release|x64.ActiveCfg = Release|Any CPU
		{5F2B2ED1-4E90-4BE5-9DCE-D51966CE3C18}.Release|x86.ActiveCfg = Release|Any CPU
		{CF2979BA-7A13-423D-8191-E1B5EABA73E4}.Debug|Any CPU.ActiveCfg = Debug|Any CPU
		{CF2979BA-7A13-423D-8191-E1B5EABA73E4}.Debug|Any CPU.Build.0 = Debug|Any CPU
		{CF2979BA-7A13-423D-8191-E1B5EABA73E4}.Debug|Any CPU.Deploy.0 = Debug|Any CPU
		{CF2979BA-7A13-423D-8191-E1B5EABA73E4}.Debug|ARM.ActiveCfg = Debug|Any CPU
		{CF2979BA-7A13-423D-8191-E1B5EABA73E4}.Debug|x64.ActiveCfg = Debug|Any CPU
		{CF2979BA-7A13-423D-8191-E1B5EABA73E4}.Debug|x86.ActiveCfg = Debug|Any CPU
		{CF2979BA-7A13-423D-8191-E1B5EABA73E4}.Release|Any CPU.ActiveCfg = Release|Any CPU
		{CF2979BA-7A13-423D-8191-E1B5EABA73E4}.Release|Any CPU.Build.0 = Release|Any CPU
		{CF2979BA-7A13-423D-8191-E1B5EABA73E4}.Release|Any CPU.Deploy.0 = Release|Any CPU
		{CF2979BA-7A13-423D-8191-E1B5EABA73E4}.Release|ARM.ActiveCfg = Release|Any CPU
		{CF2979BA-7A13-423D-8191-E1B5EABA73E4}.Release|x64.ActiveCfg = Release|Any CPU
		{CF2979BA-7A13-423D-8191-E1B5EABA73E4}.Release|x86.ActiveCfg = Release|Any CPU
		{DF88F233-0474-4288-9FEF-728DF5464C08}.Debug|Any CPU.ActiveCfg = Debug|Any CPU
		{DF88F233-0474-4288-9FEF-728DF5464C08}.Debug|Any CPU.Build.0 = Debug|Any CPU
		{DF88F233-0474-4288-9FEF-728DF5464C08}.Debug|ARM.ActiveCfg = Debug|Any CPU
		{DF88F233-0474-4288-9FEF-728DF5464C08}.Debug|x64.ActiveCfg = Debug|Any CPU
		{DF88F233-0474-4288-9FEF-728DF5464C08}.Debug|x86.ActiveCfg = Debug|Any CPU
		{DF88F233-0474-4288-9FEF-728DF5464C08}.Release|Any CPU.ActiveCfg = Release|Any CPU
		{DF88F233-0474-4288-9FEF-728DF5464C08}.Release|Any CPU.Build.0 = Release|Any CPU
		{DF88F233-0474-4288-9FEF-728DF5464C08}.Release|ARM.ActiveCfg = Release|Any CPU
		{DF88F233-0474-4288-9FEF-728DF5464C08}.Release|x64.ActiveCfg = Release|Any CPU
		{DF88F233-0474-4288-9FEF-728DF5464C08}.Release|x86.ActiveCfg = Release|Any CPU
		{E250B97E-8EBB-4F16-8F3B-967661672A98}.Debug|Any CPU.ActiveCfg = Debug|Any CPU
		{E250B97E-8EBB-4F16-8F3B-967661672A98}.Debug|Any CPU.Build.0 = Debug|Any CPU
		{E250B97E-8EBB-4F16-8F3B-967661672A98}.Debug|ARM.ActiveCfg = Debug|Any CPU
		{E250B97E-8EBB-4F16-8F3B-967661672A98}.Debug|x64.ActiveCfg = Debug|Any CPU
		{E250B97E-8EBB-4F16-8F3B-967661672A98}.Debug|x86.ActiveCfg = Debug|Any CPU
		{E250B97E-8EBB-4F16-8F3B-967661672A98}.Release|Any CPU.ActiveCfg = Release|Any CPU
		{E250B97E-8EBB-4F16-8F3B-967661672A98}.Release|Any CPU.Build.0 = Release|Any CPU
		{E250B97E-8EBB-4F16-8F3B-967661672A98}.Release|ARM.ActiveCfg = Release|Any CPU
		{E250B97E-8EBB-4F16-8F3B-967661672A98}.Release|x64.ActiveCfg = Release|Any CPU
		{E250B97E-8EBB-4F16-8F3B-967661672A98}.Release|x86.ActiveCfg = Release|Any CPU
		{B83C1F92-968D-49F5-9C8B-EE4D1E4BDD9A}.Debug|Any CPU.ActiveCfg = Debug|Any CPU
		{B83C1F92-968D-49F5-9C8B-EE4D1E4BDD9A}.Debug|Any CPU.Build.0 = Debug|Any CPU
		{B83C1F92-968D-49F5-9C8B-EE4D1E4BDD9A}.Debug|Any CPU.Deploy.0 = Debug|Any CPU
		{B83C1F92-968D-49F5-9C8B-EE4D1E4BDD9A}.Debug|ARM.ActiveCfg = Debug|Any CPU
		{B83C1F92-968D-49F5-9C8B-EE4D1E4BDD9A}.Debug|x64.ActiveCfg = Debug|Any CPU
		{B83C1F92-968D-49F5-9C8B-EE4D1E4BDD9A}.Debug|x86.ActiveCfg = Debug|Any CPU
		{B83C1F92-968D-49F5-9C8B-EE4D1E4BDD9A}.Release|Any CPU.ActiveCfg = Release|Any CPU
		{B83C1F92-968D-49F5-9C8B-EE4D1E4BDD9A}.Release|Any CPU.Build.0 = Release|Any CPU
		{B83C1F92-968D-49F5-9C8B-EE4D1E4BDD9A}.Release|Any CPU.Deploy.0 = Release|Any CPU
		{B83C1F92-968D-49F5-9C8B-EE4D1E4BDD9A}.Release|ARM.ActiveCfg = Release|Any CPU
		{B83C1F92-968D-49F5-9C8B-EE4D1E4BDD9A}.Release|x64.ActiveCfg = Release|Any CPU
		{B83C1F92-968D-49F5-9C8B-EE4D1E4BDD9A}.Release|x86.ActiveCfg = Release|Any CPU
		{08FFA909-4E14-48A9-B8FA-CD077780BCEB}.Debug|Any CPU.ActiveCfg = Debug|Any CPU
		{08FFA909-4E14-48A9-B8FA-CD077780BCEB}.Debug|Any CPU.Build.0 = Debug|Any CPU
		{08FFA909-4E14-48A9-B8FA-CD077780BCEB}.Debug|ARM.ActiveCfg = Debug|Any CPU
		{08FFA909-4E14-48A9-B8FA-CD077780BCEB}.Debug|x64.ActiveCfg = Debug|Any CPU
		{08FFA909-4E14-48A9-B8FA-CD077780BCEB}.Debug|x86.ActiveCfg = Debug|Any CPU
		{08FFA909-4E14-48A9-B8FA-CD077780BCEB}.Release|Any CPU.ActiveCfg = Release|Any CPU
		{08FFA909-4E14-48A9-B8FA-CD077780BCEB}.Release|Any CPU.Build.0 = Release|Any CPU
		{08FFA909-4E14-48A9-B8FA-CD077780BCEB}.Release|ARM.ActiveCfg = Release|Any CPU
		{08FFA909-4E14-48A9-B8FA-CD077780BCEB}.Release|x64.ActiveCfg = Release|Any CPU
		{08FFA909-4E14-48A9-B8FA-CD077780BCEB}.Release|x86.ActiveCfg = Release|Any CPU
		{04D2AF5F-6080-455C-911D-EA8633396F47}.Debug|Any CPU.ActiveCfg = Debug|Any CPU
		{04D2AF5F-6080-455C-911D-EA8633396F47}.Debug|Any CPU.Build.0 = Debug|Any CPU
		{04D2AF5F-6080-455C-911D-EA8633396F47}.Debug|ARM.ActiveCfg = Debug|Any CPU
		{04D2AF5F-6080-455C-911D-EA8633396F47}.Debug|x64.ActiveCfg = Debug|Any CPU
		{04D2AF5F-6080-455C-911D-EA8633396F47}.Debug|x86.ActiveCfg = Debug|Any CPU
		{04D2AF5F-6080-455C-911D-EA8633396F47}.Release|Any CPU.ActiveCfg = Release|Any CPU
		{04D2AF5F-6080-455C-911D-EA8633396F47}.Release|Any CPU.Build.0 = Release|Any CPU
		{04D2AF5F-6080-455C-911D-EA8633396F47}.Release|ARM.ActiveCfg = Release|Any CPU
		{04D2AF5F-6080-455C-911D-EA8633396F47}.Release|x64.ActiveCfg = Release|Any CPU
		{04D2AF5F-6080-455C-911D-EA8633396F47}.Release|x86.ActiveCfg = Release|Any CPU
		{A37CBCF7-3F79-4AB5-B8A2-FE492BE4DF94}.Debug|Any CPU.ActiveCfg = Debug|Any CPU
		{A37CBCF7-3F79-4AB5-B8A2-FE492BE4DF94}.Debug|Any CPU.Build.0 = Debug|Any CPU
		{A37CBCF7-3F79-4AB5-B8A2-FE492BE4DF94}.Debug|Any CPU.Deploy.0 = Debug|Any CPU
		{A37CBCF7-3F79-4AB5-B8A2-FE492BE4DF94}.Debug|ARM.ActiveCfg = Debug|Any CPU
		{A37CBCF7-3F79-4AB5-B8A2-FE492BE4DF94}.Debug|x64.ActiveCfg = Debug|Any CPU
		{A37CBCF7-3F79-4AB5-B8A2-FE492BE4DF94}.Debug|x86.ActiveCfg = Debug|Any CPU
		{A37CBCF7-3F79-4AB5-B8A2-FE492BE4DF94}.Release|Any CPU.ActiveCfg = Release|Any CPU
		{A37CBCF7-3F79-4AB5-B8A2-FE492BE4DF94}.Release|Any CPU.Build.0 = Release|Any CPU
		{A37CBCF7-3F79-4AB5-B8A2-FE492BE4DF94}.Release|Any CPU.Deploy.0 = Release|Any CPU
		{A37CBCF7-3F79-4AB5-B8A2-FE492BE4DF94}.Release|ARM.ActiveCfg = Release|Any CPU
		{A37CBCF7-3F79-4AB5-B8A2-FE492BE4DF94}.Release|x64.ActiveCfg = Release|Any CPU
		{A37CBCF7-3F79-4AB5-B8A2-FE492BE4DF94}.Release|x86.ActiveCfg = Release|Any CPU
		{511F1188-E325-4AB8-9833-27B71F46F57A}.Debug|Any CPU.ActiveCfg = Debug|Any CPU
		{511F1188-E325-4AB8-9833-27B71F46F57A}.Debug|Any CPU.Build.0 = Debug|Any CPU
		{511F1188-E325-4AB8-9833-27B71F46F57A}.Debug|ARM.ActiveCfg = Debug|Any CPU
		{511F1188-E325-4AB8-9833-27B71F46F57A}.Debug|x64.ActiveCfg = Debug|Any CPU
		{511F1188-E325-4AB8-9833-27B71F46F57A}.Debug|x86.ActiveCfg = Debug|Any CPU
		{511F1188-E325-4AB8-9833-27B71F46F57A}.Release|Any CPU.ActiveCfg = Release|Any CPU
		{511F1188-E325-4AB8-9833-27B71F46F57A}.Release|Any CPU.Build.0 = Release|Any CPU
		{511F1188-E325-4AB8-9833-27B71F46F57A}.Release|ARM.ActiveCfg = Release|Any CPU
		{511F1188-E325-4AB8-9833-27B71F46F57A}.Release|x64.ActiveCfg = Release|Any CPU
		{511F1188-E325-4AB8-9833-27B71F46F57A}.Release|x86.ActiveCfg = Release|Any CPU
		{33A4EE9E-90D7-4537-8FB6-155AFC4F6D72}.Debug|Any CPU.ActiveCfg = Debug|Any CPU
		{33A4EE9E-90D7-4537-8FB6-155AFC4F6D72}.Debug|Any CPU.Build.0 = Debug|Any CPU
		{33A4EE9E-90D7-4537-8FB6-155AFC4F6D72}.Debug|ARM.ActiveCfg = Debug|Any CPU
		{33A4EE9E-90D7-4537-8FB6-155AFC4F6D72}.Debug|x64.ActiveCfg = Debug|Any CPU
		{33A4EE9E-90D7-4537-8FB6-155AFC4F6D72}.Debug|x86.ActiveCfg = Debug|Any CPU
		{33A4EE9E-90D7-4537-8FB6-155AFC4F6D72}.Release|Any CPU.ActiveCfg = Release|Any CPU
		{33A4EE9E-90D7-4537-8FB6-155AFC4F6D72}.Release|Any CPU.Build.0 = Release|Any CPU
		{33A4EE9E-90D7-4537-8FB6-155AFC4F6D72}.Release|ARM.ActiveCfg = Release|Any CPU
		{33A4EE9E-90D7-4537-8FB6-155AFC4F6D72}.Release|x64.ActiveCfg = Release|Any CPU
		{33A4EE9E-90D7-4537-8FB6-155AFC4F6D72}.Release|x86.ActiveCfg = Release|Any CPU
		{FF928B7E-146A-46E3-88FC-4E0419EFAF03}.Debug|Any CPU.ActiveCfg = Debug|Any CPU
		{FF928B7E-146A-46E3-88FC-4E0419EFAF03}.Debug|Any CPU.Build.0 = Debug|Any CPU
		{FF928B7E-146A-46E3-88FC-4E0419EFAF03}.Debug|ARM.ActiveCfg = Debug|Any CPU
		{FF928B7E-146A-46E3-88FC-4E0419EFAF03}.Debug|x64.ActiveCfg = Debug|Any CPU
		{FF928B7E-146A-46E3-88FC-4E0419EFAF03}.Debug|x86.ActiveCfg = Debug|Any CPU
		{FF928B7E-146A-46E3-88FC-4E0419EFAF03}.Release|Any CPU.ActiveCfg = Release|Any CPU
		{FF928B7E-146A-46E3-88FC-4E0419EFAF03}.Release|Any CPU.Build.0 = Release|Any CPU
		{FF928B7E-146A-46E3-88FC-4E0419EFAF03}.Release|ARM.ActiveCfg = Release|Any CPU
		{FF928B7E-146A-46E3-88FC-4E0419EFAF03}.Release|x64.ActiveCfg = Release|Any CPU
		{FF928B7E-146A-46E3-88FC-4E0419EFAF03}.Release|x86.ActiveCfg = Release|Any CPU
		{0CFA9DCD-766F-4A0B-99DD-96AFC65B90AB}.Debug|Any CPU.ActiveCfg = Debug|Any CPU
		{0CFA9DCD-766F-4A0B-99DD-96AFC65B90AB}.Debug|Any CPU.Build.0 = Debug|Any CPU
		{0CFA9DCD-766F-4A0B-99DD-96AFC65B90AB}.Debug|ARM.ActiveCfg = Debug|Any CPU
		{0CFA9DCD-766F-4A0B-99DD-96AFC65B90AB}.Debug|x64.ActiveCfg = Debug|Any CPU
		{0CFA9DCD-766F-4A0B-99DD-96AFC65B90AB}.Debug|x86.ActiveCfg = Debug|Any CPU
		{0CFA9DCD-766F-4A0B-99DD-96AFC65B90AB}.Release|Any CPU.ActiveCfg = Release|Any CPU
		{0CFA9DCD-766F-4A0B-99DD-96AFC65B90AB}.Release|Any CPU.Build.0 = Release|Any CPU
		{0CFA9DCD-766F-4A0B-99DD-96AFC65B90AB}.Release|ARM.ActiveCfg = Release|Any CPU
		{0CFA9DCD-766F-4A0B-99DD-96AFC65B90AB}.Release|x64.ActiveCfg = Release|Any CPU
		{0CFA9DCD-766F-4A0B-99DD-96AFC65B90AB}.Release|x86.ActiveCfg = Release|Any CPU
		{A441DCD1-CB1D-4C54-8090-53EE5F0D190C}.Debug|Any CPU.ActiveCfg = Debug|Any CPU
		{A441DCD1-CB1D-4C54-8090-53EE5F0D190C}.Debug|Any CPU.Build.0 = Debug|Any CPU
		{A441DCD1-CB1D-4C54-8090-53EE5F0D190C}.Debug|ARM.ActiveCfg = Debug|Any CPU
		{A441DCD1-CB1D-4C54-8090-53EE5F0D190C}.Debug|x64.ActiveCfg = Debug|Any CPU
		{A441DCD1-CB1D-4C54-8090-53EE5F0D190C}.Debug|x86.ActiveCfg = Debug|Any CPU
		{A441DCD1-CB1D-4C54-8090-53EE5F0D190C}.Release|Any CPU.ActiveCfg = Release|Any CPU
		{A441DCD1-CB1D-4C54-8090-53EE5F0D190C}.Release|Any CPU.Build.0 = Release|Any CPU
		{A441DCD1-CB1D-4C54-8090-53EE5F0D190C}.Release|ARM.ActiveCfg = Release|Any CPU
		{A441DCD1-CB1D-4C54-8090-53EE5F0D190C}.Release|x64.ActiveCfg = Release|Any CPU
		{A441DCD1-CB1D-4C54-8090-53EE5F0D190C}.Release|x86.ActiveCfg = Release|Any CPU
		{3FF3F5C8-475F-4A25-9CD6-710FE75BCD61}.Debug|Any CPU.ActiveCfg = Debug|Any CPU
		{3FF3F5C8-475F-4A25-9CD6-710FE75BCD61}.Debug|Any CPU.Build.0 = Debug|Any CPU
		{3FF3F5C8-475F-4A25-9CD6-710FE75BCD61}.Debug|ARM.ActiveCfg = Debug|Any CPU
		{3FF3F5C8-475F-4A25-9CD6-710FE75BCD61}.Debug|x64.ActiveCfg = Debug|Any CPU
		{3FF3F5C8-475F-4A25-9CD6-710FE75BCD61}.Debug|x86.ActiveCfg = Debug|Any CPU
		{3FF3F5C8-475F-4A25-9CD6-710FE75BCD61}.Release|Any CPU.ActiveCfg = Release|Any CPU
		{3FF3F5C8-475F-4A25-9CD6-710FE75BCD61}.Release|Any CPU.Build.0 = Release|Any CPU
		{3FF3F5C8-475F-4A25-9CD6-710FE75BCD61}.Release|ARM.ActiveCfg = Release|Any CPU
		{3FF3F5C8-475F-4A25-9CD6-710FE75BCD61}.Release|x64.ActiveCfg = Release|Any CPU
		{3FF3F5C8-475F-4A25-9CD6-710FE75BCD61}.Release|x86.ActiveCfg = Release|Any CPU
		{00172085-74F7-4442-88F8-E78EC70C2150}.Debug|Any CPU.ActiveCfg = Debug|Any CPU
		{00172085-74F7-4442-88F8-E78EC70C2150}.Debug|Any CPU.Build.0 = Debug|Any CPU
		{00172085-74F7-4442-88F8-E78EC70C2150}.Debug|ARM.ActiveCfg = Debug|Any CPU
		{00172085-74F7-4442-88F8-E78EC70C2150}.Debug|x64.ActiveCfg = Debug|Any CPU
		{00172085-74F7-4442-88F8-E78EC70C2150}.Debug|x86.ActiveCfg = Debug|Any CPU
		{00172085-74F7-4442-88F8-E78EC70C2150}.Release|Any CPU.ActiveCfg = Release|Any CPU
		{00172085-74F7-4442-88F8-E78EC70C2150}.Release|Any CPU.Build.0 = Release|Any CPU
		{00172085-74F7-4442-88F8-E78EC70C2150}.Release|ARM.ActiveCfg = Release|Any CPU
		{00172085-74F7-4442-88F8-E78EC70C2150}.Release|x64.ActiveCfg = Release|Any CPU
		{00172085-74F7-4442-88F8-E78EC70C2150}.Release|x86.ActiveCfg = Release|Any CPU
		{16CCED68-F6FE-4C37-8188-869944BB21C0}.Debug|Any CPU.ActiveCfg = Debug|Any CPU
		{16CCED68-F6FE-4C37-8188-869944BB21C0}.Debug|Any CPU.Build.0 = Debug|Any CPU
		{16CCED68-F6FE-4C37-8188-869944BB21C0}.Debug|ARM.ActiveCfg = Debug|Any CPU
		{16CCED68-F6FE-4C37-8188-869944BB21C0}.Debug|x64.ActiveCfg = Debug|Any CPU
		{16CCED68-F6FE-4C37-8188-869944BB21C0}.Debug|x86.ActiveCfg = Debug|Any CPU
		{16CCED68-F6FE-4C37-8188-869944BB21C0}.Release|Any CPU.ActiveCfg = Release|Any CPU
		{16CCED68-F6FE-4C37-8188-869944BB21C0}.Release|Any CPU.Build.0 = Release|Any CPU
		{16CCED68-F6FE-4C37-8188-869944BB21C0}.Release|ARM.ActiveCfg = Release|Any CPU
		{16CCED68-F6FE-4C37-8188-869944BB21C0}.Release|x64.ActiveCfg = Release|Any CPU
		{16CCED68-F6FE-4C37-8188-869944BB21C0}.Release|x86.ActiveCfg = Release|Any CPU
		{5D5C861B-529A-493C-9749-F812A4A1AAE3}.Debug|Any CPU.ActiveCfg = Debug|Any CPU
		{5D5C861B-529A-493C-9749-F812A4A1AAE3}.Debug|Any CPU.Build.0 = Debug|Any CPU
		{5D5C861B-529A-493C-9749-F812A4A1AAE3}.Debug|ARM.ActiveCfg = Debug|Any CPU
		{5D5C861B-529A-493C-9749-F812A4A1AAE3}.Debug|x64.ActiveCfg = Debug|Any CPU
		{5D5C861B-529A-493C-9749-F812A4A1AAE3}.Debug|x86.ActiveCfg = Debug|Any CPU
		{5D5C861B-529A-493C-9749-F812A4A1AAE3}.Release|Any CPU.ActiveCfg = Release|Any CPU
		{5D5C861B-529A-493C-9749-F812A4A1AAE3}.Release|Any CPU.Build.0 = Release|Any CPU
		{5D5C861B-529A-493C-9749-F812A4A1AAE3}.Release|ARM.ActiveCfg = Release|Any CPU
		{5D5C861B-529A-493C-9749-F812A4A1AAE3}.Release|x64.ActiveCfg = Release|Any CPU
		{5D5C861B-529A-493C-9749-F812A4A1AAE3}.Release|x86.ActiveCfg = Release|Any CPU
		{B86B9A17-3107-4B94-9707-D260D190AA11}.Debug|Any CPU.ActiveCfg = Debug|Any CPU
		{B86B9A17-3107-4B94-9707-D260D190AA11}.Debug|Any CPU.Build.0 = Debug|Any CPU
		{B86B9A17-3107-4B94-9707-D260D190AA11}.Debug|ARM.ActiveCfg = Debug|Any CPU
		{B86B9A17-3107-4B94-9707-D260D190AA11}.Debug|x64.ActiveCfg = Debug|Any CPU
		{B86B9A17-3107-4B94-9707-D260D190AA11}.Debug|x86.ActiveCfg = Debug|Any CPU
		{B86B9A17-3107-4B94-9707-D260D190AA11}.Release|Any CPU.ActiveCfg = Release|Any CPU
		{B86B9A17-3107-4B94-9707-D260D190AA11}.Release|Any CPU.Build.0 = Release|Any CPU
		{B86B9A17-3107-4B94-9707-D260D190AA11}.Release|ARM.ActiveCfg = Release|Any CPU
		{B86B9A17-3107-4B94-9707-D260D190AA11}.Release|x64.ActiveCfg = Release|Any CPU
		{B86B9A17-3107-4B94-9707-D260D190AA11}.Release|x86.ActiveCfg = Release|Any CPU
		{3A392CB8-0AB1-4464-BF6E-1FE9CF6BB822}.Debug|Any CPU.ActiveCfg = Debug|Any CPU
		{3A392CB8-0AB1-4464-BF6E-1FE9CF6BB822}.Debug|Any CPU.Build.0 = Debug|Any CPU
		{3A392CB8-0AB1-4464-BF6E-1FE9CF6BB822}.Debug|Any CPU.Deploy.0 = Debug|Any CPU
		{3A392CB8-0AB1-4464-BF6E-1FE9CF6BB822}.Debug|ARM.ActiveCfg = Debug|Any CPU
		{3A392CB8-0AB1-4464-BF6E-1FE9CF6BB822}.Debug|x64.ActiveCfg = Debug|Any CPU
		{3A392CB8-0AB1-4464-BF6E-1FE9CF6BB822}.Debug|x86.ActiveCfg = Debug|Any CPU
		{3A392CB8-0AB1-4464-BF6E-1FE9CF6BB822}.Release|Any CPU.ActiveCfg = Release|Any CPU
		{3A392CB8-0AB1-4464-BF6E-1FE9CF6BB822}.Release|Any CPU.Build.0 = Release|Any CPU
		{3A392CB8-0AB1-4464-BF6E-1FE9CF6BB822}.Release|Any CPU.Deploy.0 = Release|Any CPU
		{3A392CB8-0AB1-4464-BF6E-1FE9CF6BB822}.Release|ARM.ActiveCfg = Release|Any CPU
		{3A392CB8-0AB1-4464-BF6E-1FE9CF6BB822}.Release|x64.ActiveCfg = Release|Any CPU
		{3A392CB8-0AB1-4464-BF6E-1FE9CF6BB822}.Release|x86.ActiveCfg = Release|Any CPU
		{3E91AF25-1AD2-4035-84FC-5A6BDBC66D54}.Debug|Any CPU.ActiveCfg = Debug|Any CPU
		{3E91AF25-1AD2-4035-84FC-5A6BDBC66D54}.Debug|Any CPU.Build.0 = Debug|Any CPU
		{3E91AF25-1AD2-4035-84FC-5A6BDBC66D54}.Debug|ARM.ActiveCfg = Debug|Any CPU
		{3E91AF25-1AD2-4035-84FC-5A6BDBC66D54}.Debug|x64.ActiveCfg = Debug|Any CPU
		{3E91AF25-1AD2-4035-84FC-5A6BDBC66D54}.Debug|x86.ActiveCfg = Debug|Any CPU
		{3E91AF25-1AD2-4035-84FC-5A6BDBC66D54}.Release|Any CPU.ActiveCfg = Release|Any CPU
		{3E91AF25-1AD2-4035-84FC-5A6BDBC66D54}.Release|Any CPU.Build.0 = Release|Any CPU
		{3E91AF25-1AD2-4035-84FC-5A6BDBC66D54}.Release|ARM.ActiveCfg = Release|Any CPU
		{3E91AF25-1AD2-4035-84FC-5A6BDBC66D54}.Release|x64.ActiveCfg = Release|Any CPU
		{3E91AF25-1AD2-4035-84FC-5A6BDBC66D54}.Release|x86.ActiveCfg = Release|Any CPU
		{0CB671A9-8CBF-493C-86C0-CBCEA7FC7BCC}.Debug|Any CPU.ActiveCfg = Debug|Any CPU
		{0CB671A9-8CBF-493C-86C0-CBCEA7FC7BCC}.Debug|Any CPU.Build.0 = Debug|Any CPU
		{0CB671A9-8CBF-493C-86C0-CBCEA7FC7BCC}.Debug|ARM.ActiveCfg = Debug|Any CPU
		{0CB671A9-8CBF-493C-86C0-CBCEA7FC7BCC}.Debug|x64.ActiveCfg = Debug|Any CPU
		{0CB671A9-8CBF-493C-86C0-CBCEA7FC7BCC}.Debug|x86.ActiveCfg = Debug|Any CPU
		{0CB671A9-8CBF-493C-86C0-CBCEA7FC7BCC}.Release|Any CPU.ActiveCfg = Release|Any CPU
		{0CB671A9-8CBF-493C-86C0-CBCEA7FC7BCC}.Release|Any CPU.Build.0 = Release|Any CPU
		{0CB671A9-8CBF-493C-86C0-CBCEA7FC7BCC}.Release|ARM.ActiveCfg = Release|Any CPU
		{0CB671A9-8CBF-493C-86C0-CBCEA7FC7BCC}.Release|x64.ActiveCfg = Release|Any CPU
		{0CB671A9-8CBF-493C-86C0-CBCEA7FC7BCC}.Release|x86.ActiveCfg = Release|Any CPU
		{059233B6-C73E-448A-A8E6-5330AE2A0AE0}.Debug|Any CPU.ActiveCfg = Debug|Any CPU
		{059233B6-C73E-448A-A8E6-5330AE2A0AE0}.Debug|Any CPU.Build.0 = Debug|Any CPU
		{059233B6-C73E-448A-A8E6-5330AE2A0AE0}.Debug|ARM.ActiveCfg = Debug|Any CPU
		{059233B6-C73E-448A-A8E6-5330AE2A0AE0}.Debug|x64.ActiveCfg = Debug|Any CPU
		{059233B6-C73E-448A-A8E6-5330AE2A0AE0}.Debug|x86.ActiveCfg = Debug|Any CPU
		{059233B6-C73E-448A-A8E6-5330AE2A0AE0}.Release|Any CPU.ActiveCfg = Release|Any CPU
		{059233B6-C73E-448A-A8E6-5330AE2A0AE0}.Release|Any CPU.Build.0 = Release|Any CPU
		{059233B6-C73E-448A-A8E6-5330AE2A0AE0}.Release|ARM.ActiveCfg = Release|Any CPU
		{059233B6-C73E-448A-A8E6-5330AE2A0AE0}.Release|x64.ActiveCfg = Release|Any CPU
		{059233B6-C73E-448A-A8E6-5330AE2A0AE0}.Release|x86.ActiveCfg = Release|Any CPU
		{4DE24102-D9D8-4388-B7B7-46850EC96A57}.Debug|Any CPU.ActiveCfg = Debug|Any CPU
		{4DE24102-D9D8-4388-B7B7-46850EC96A57}.Debug|Any CPU.Build.0 = Debug|Any CPU
		{4DE24102-D9D8-4388-B7B7-46850EC96A57}.Debug|ARM.ActiveCfg = Debug|Any CPU
		{4DE24102-D9D8-4388-B7B7-46850EC96A57}.Debug|x64.ActiveCfg = Debug|Any CPU
		{4DE24102-D9D8-4388-B7B7-46850EC96A57}.Debug|x86.ActiveCfg = Debug|Any CPU
		{4DE24102-D9D8-4388-B7B7-46850EC96A57}.Release|Any CPU.ActiveCfg = Release|Any CPU
		{4DE24102-D9D8-4388-B7B7-46850EC96A57}.Release|Any CPU.Build.0 = Release|Any CPU
		{4DE24102-D9D8-4388-B7B7-46850EC96A57}.Release|ARM.ActiveCfg = Release|Any CPU
		{4DE24102-D9D8-4388-B7B7-46850EC96A57}.Release|x64.ActiveCfg = Release|Any CPU
		{4DE24102-D9D8-4388-B7B7-46850EC96A57}.Release|x86.ActiveCfg = Release|Any CPU
		{2882D2F1-CFF2-4105-91B3-04502D7445B0}.Debug|Any CPU.ActiveCfg = Debug|Any CPU
		{2882D2F1-CFF2-4105-91B3-04502D7445B0}.Debug|Any CPU.Build.0 = Debug|Any CPU
		{2882D2F1-CFF2-4105-91B3-04502D7445B0}.Debug|ARM.ActiveCfg = Debug|Any CPU
		{2882D2F1-CFF2-4105-91B3-04502D7445B0}.Debug|x64.ActiveCfg = Debug|Any CPU
		{2882D2F1-CFF2-4105-91B3-04502D7445B0}.Debug|x86.ActiveCfg = Debug|Any CPU
		{2882D2F1-CFF2-4105-91B3-04502D7445B0}.Release|Any CPU.ActiveCfg = Release|Any CPU
		{2882D2F1-CFF2-4105-91B3-04502D7445B0}.Release|Any CPU.Build.0 = Release|Any CPU
		{2882D2F1-CFF2-4105-91B3-04502D7445B0}.Release|ARM.ActiveCfg = Release|Any CPU
		{2882D2F1-CFF2-4105-91B3-04502D7445B0}.Release|x64.ActiveCfg = Release|Any CPU
		{2882D2F1-CFF2-4105-91B3-04502D7445B0}.Release|x86.ActiveCfg = Release|Any CPU
		{F7B19149-9CB3-4B82-83BB-7A2088D1FB7E}.Debug|Any CPU.ActiveCfg = Debug|Any CPU
		{F7B19149-9CB3-4B82-83BB-7A2088D1FB7E}.Debug|Any CPU.Build.0 = Debug|Any CPU
		{F7B19149-9CB3-4B82-83BB-7A2088D1FB7E}.Debug|ARM.ActiveCfg = Debug|Any CPU
		{F7B19149-9CB3-4B82-83BB-7A2088D1FB7E}.Debug|x64.ActiveCfg = Debug|Any CPU
		{F7B19149-9CB3-4B82-83BB-7A2088D1FB7E}.Debug|x86.ActiveCfg = Debug|Any CPU
		{F7B19149-9CB3-4B82-83BB-7A2088D1FB7E}.Release|Any CPU.ActiveCfg = Release|Any CPU
		{F7B19149-9CB3-4B82-83BB-7A2088D1FB7E}.Release|Any CPU.Build.0 = Release|Any CPU
		{F7B19149-9CB3-4B82-83BB-7A2088D1FB7E}.Release|ARM.ActiveCfg = Release|Any CPU
		{F7B19149-9CB3-4B82-83BB-7A2088D1FB7E}.Release|x64.ActiveCfg = Release|Any CPU
		{F7B19149-9CB3-4B82-83BB-7A2088D1FB7E}.Release|x86.ActiveCfg = Release|Any CPU
		{519F2682-77BB-4DF9-BC11-02EC21AFC7B8}.Debug|Any CPU.ActiveCfg = Debug|Any CPU
		{519F2682-77BB-4DF9-BC11-02EC21AFC7B8}.Debug|Any CPU.Build.0 = Debug|Any CPU
		{519F2682-77BB-4DF9-BC11-02EC21AFC7B8}.Debug|ARM.ActiveCfg = Debug|Any CPU
		{519F2682-77BB-4DF9-BC11-02EC21AFC7B8}.Debug|x64.ActiveCfg = Debug|Any CPU
		{519F2682-77BB-4DF9-BC11-02EC21AFC7B8}.Debug|x86.ActiveCfg = Debug|Any CPU
		{519F2682-77BB-4DF9-BC11-02EC21AFC7B8}.Release|Any CPU.ActiveCfg = Release|Any CPU
		{519F2682-77BB-4DF9-BC11-02EC21AFC7B8}.Release|Any CPU.Build.0 = Release|Any CPU
		{519F2682-77BB-4DF9-BC11-02EC21AFC7B8}.Release|ARM.ActiveCfg = Release|Any CPU
		{519F2682-77BB-4DF9-BC11-02EC21AFC7B8}.Release|x64.ActiveCfg = Release|Any CPU
		{519F2682-77BB-4DF9-BC11-02EC21AFC7B8}.Release|x86.ActiveCfg = Release|Any CPU
		{92856E62-B535-447A-BFC0-F15A78EB7BDC}.Debug|Any CPU.ActiveCfg = Debug|Any CPU
		{92856E62-B535-447A-BFC0-F15A78EB7BDC}.Debug|Any CPU.Build.0 = Debug|Any CPU
		{92856E62-B535-447A-BFC0-F15A78EB7BDC}.Debug|ARM.ActiveCfg = Debug|Any CPU
		{92856E62-B535-447A-BFC0-F15A78EB7BDC}.Debug|x64.ActiveCfg = Debug|Any CPU
		{92856E62-B535-447A-BFC0-F15A78EB7BDC}.Debug|x86.ActiveCfg = Debug|Any CPU
		{92856E62-B535-447A-BFC0-F15A78EB7BDC}.Release|Any CPU.ActiveCfg = Release|Any CPU
		{92856E62-B535-447A-BFC0-F15A78EB7BDC}.Release|Any CPU.Build.0 = Release|Any CPU
		{92856E62-B535-447A-BFC0-F15A78EB7BDC}.Release|ARM.ActiveCfg = Release|Any CPU
		{92856E62-B535-447A-BFC0-F15A78EB7BDC}.Release|x64.ActiveCfg = Release|Any CPU
		{92856E62-B535-447A-BFC0-F15A78EB7BDC}.Release|x86.ActiveCfg = Release|Any CPU
	EndGlobalSection
	GlobalSection(SolutionProperties) = preSolution
		HideSolutionNode = FALSE
	EndGlobalSection
EndGlobal
